
Microsoft Visual Studio Solution File, Format Version 12.00
# Visual Studio 15
VisualStudioVersion = 15.0.26730.12
MinimumVisualStudioVersion = 10.0.40219.1
Project("{8BC9CEB8-8B4A-11D0-8D11-00A0C91BC942}") = "Bulls-Cows", "Bulls-Cows\Bulls-Cows.vcxproj", "{54EEBA33-3BAF-4E6F-8E85-62FFE9AFC620}"
EndProject
Global
	GlobalSection(SolutionConfigurationPlatforms) = preSolution
		Debug|x64 = Debug|x64
		Debug|x86 = Debug|x86
		Release|x64 = Release|x64
		Release|x86 = Release|x86
	EndGlobalSection
	GlobalSection(ProjectConfigurationPlatforms) = postSolution
		{54EEBA33-3BAF-4E6F-8E85-62FFE9AFC620}.Debug|x64.ActiveCfg = Debug|x64
		{54EEBA33-3BAF-4E6F-8E85-62FFE9AFC620}.Debug|x64.Build.0 = Debug|x64
		{54EEBA33-3BAF-4E6F-8E85-62FFE9AFC620}.Debug|x86.ActiveCfg = Debug|Win32
		{54EEBA33-3BAF-4E6F-8E85-62FFE9AFC620}.Debug|x86.Build.0 = Debug|Win32
		{54EEBA33-3BAF-4E6F-8E85-62FFE9AFC620}.Release|x64.ActiveCfg = Release|x64
		{54EEBA33-3BAF-4E6F-8E85-62FFE9AFC620}.Release|x64.Build.0 = Release|x64
		{54EEBA33-3BAF-4E6F-8E85-62FFE9AFC620}.Release|x86.ActiveCfg = Release|Win32
		{54EEBA33-3BAF-4E6F-8E85-62FFE9AFC620}.Release|x86.Build.0 = Release|Win32
	EndGlobalSection
	GlobalSection(SolutionProperties) = preSolution
		HideSolutionNode = FALSE
	EndGlobalSection
	GlobalSection(ExtensibilityGlobals) = postSolution
		SolutionGuid = {358FA0B3-CA96-4CAC-8D9E-E309F7E0DE18}
	EndGlobalSection
EndGlobal
